// !$*UTF8*$!
{
	archiveVersion = 1;
	classes = {
	};
	objectVersion = 50;
	objects = {

/* Begin PBXBuildFile section */
		1200F454259E36C900C7F524 /* AppDelegate.swift in Sources */ = {isa = PBXBuildFile; fileRef = 1200F453259E36C900C7F524 /* AppDelegate.swift */; };
		1200F456259E36C900C7F524 /* SceneDelegate.swift in Sources */ = {isa = PBXBuildFile; fileRef = 1200F455259E36C900C7F524 /* SceneDelegate.swift */; };
		1200F458259E36C900C7F524 /* ViewController.swift in Sources */ = {isa = PBXBuildFile; fileRef = 1200F457259E36C900C7F524 /* ViewController.swift */; };
		1200F45B259E36C900C7F524 /* Main.storyboard in Resources */ = {isa = PBXBuildFile; fileRef = 1200F459259E36C900C7F524 /* Main.storyboard */; };
		1200F45D259E36D100C7F524 /* Assets.xcassets in Resources */ = {isa = PBXBuildFile; fileRef = 1200F45C259E36D100C7F524 /* Assets.xcassets */; };
		1200F460259E36D100C7F524 /* LaunchScreen.storyboard in Resources */ = {isa = PBXBuildFile; fileRef = 1200F45E259E36D100C7F524 /* LaunchScreen.storyboard */; };
		1200F469259E387700C7F524 /* Person.swift in Sources */ = {isa = PBXBuildFile; fileRef = 1200F468259E387700C7F524 /* Person.swift */; };
/* End PBXBuildFile section */

/* Begin PBXFileReference section */
		1200F450259E36C900C7F524 /* Challenge-03.app */ = {isa = PBXFileReference; explicitFileType = wrapper.application; includeInIndex = 0; path = "Challenge-03.app"; sourceTree = BUILT_PRODUCTS_DIR; };
		1200F453259E36C900C7F524 /* AppDelegate.swift */ = {isa = PBXFileReference; lastKnownFileType = sourcecode.swift; path = AppDelegate.swift; sourceTree = "<group>"; };
		1200F455259E36C900C7F524 /* SceneDelegate.swift */ = {isa = PBXFileReference; lastKnownFileType = sourcecode.swift; path = SceneDelegate.swift; sourceTree = "<group>"; };
		1200F457259E36C900C7F524 /* ViewController.swift */ = {isa = PBXFileReference; lastKnownFileType = sourcecode.swift; path = ViewController.swift; sourceTree = "<group>"; };
		1200F45A259E36C900C7F524 /* Base */ = {isa = PBXFileReference; lastKnownFileType = file.storyboard; name = Base; path = Base.lproj/Main.storyboard; sourceTree = "<group>"; };
		1200F45C259E36D100C7F524 /* Assets.xcassets */ = {isa = PBXFileReference; lastKnownFileType = folder.assetcatalog; path = Assets.xcassets; sourceTree = "<group>"; };
		1200F45F259E36D100C7F524 /* Base */ = {isa = PBXFileReference; lastKnownFileType = file.storyboard; name = Base; path = Base.lproj/LaunchScreen.storyboard; sourceTree = "<group>"; };
		1200F461259E36D100C7F524 /* Info.plist */ = {isa = PBXFileReference; lastKnownFileType = text.plist.xml; path = Info.plist; sourceTree = "<group>"; };
		1200F468259E387700C7F524 /* Person.swift */ = {isa = PBXFileReference; lastKnownFileType = sourcecode.swift; path = Person.swift; sourceTree = "<group>"; };
/* End PBXFileReference section */

/* Begin PBXFrameworksBuildPhase section */
		1200F44D259E36C800C7F524 /* Frameworks */ = {
			isa = PBXFrameworksBuildPhase;
			buildActionMask = 2147483647;
			files = (
			);
			runOnlyForDeploymentPostprocessing = 0;
		};
/* End PBXFrameworksBuildPhase section */

/* Begin PBXGroup section */
		1200F447259E36C800C7F524 = {
			isa = PBXGroup;
			children = (
				1200F452259E36C900C7F524 /* Challenge-03 */,
				1200F451259E36C900C7F524 /* Products */,
			);
			sourceTree = "<group>";
		};
		1200F451259E36C900C7F524 /* Products */ = {
			isa = PBXGroup;
			children = (
				1200F450259E36C900C7F524 /* Challenge-03.app */,
			);
			name = Products;
			sourceTree = "<group>";
		};
		1200F452259E36C900C7F524 /* Challenge-03 */ = {
			isa = PBXGroup;
			children = (
				1200F453259E36C900C7F524 /* AppDelegate.swift */,
				1200F455259E36C900C7F524 /* SceneDelegate.swift */,
				1200F457259E36C900C7F524 /* ViewController.swift */,
				1200F468259E387700C7F524 /* Person.swift */,
				1200F459259E36C900C7F524 /* Main.storyboard */,
				1200F45C259E36D100C7F524 /* Assets.xcassets */,
				1200F45E259E36D100C7F524 /* LaunchScreen.storyboard */,
				1200F461259E36D100C7F524 /* Info.plist */,
			);
			path = "Challenge-03";
			sourceTree = "<group>";
		};
/* End PBXGroup section */

/* Begin PBXNativeTarget section */
		1200F44F259E36C800C7F524 /* Challenge-03 */ = {
			isa = PBXNativeTarget;
			buildConfigurationList = 1200F464259E36D100C7F524 /* Build configuration list for PBXNativeTarget "Challenge-03" */;
			buildPhases = (
				1200F44C259E36C800C7F524 /* Sources */,
				1200F44D259E36C800C7F524 /* Frameworks */,
				1200F44E259E36C800C7F524 /* Resources */,
			);
			buildRules = (
			);
			dependencies = (
			);
			name = "Challenge-03";
			productName = "Challenge-03";
			productReference = 1200F450259E36C900C7F524 /* Challenge-03.app */;
			productType = "com.apple.product-type.application";
		};
/* End PBXNativeTarget section */

/* Begin PBXProject section */
		1200F448259E36C800C7F524 /* Project object */ = {
			isa = PBXProject;
			attributes = {
				LastSwiftUpdateCheck = 1220;
				LastUpgradeCheck = 1220;
				TargetAttributes = {
					1200F44F259E36C800C7F524 = {
						CreatedOnToolsVersion = 12.2;
					};
				};
			};
			buildConfigurationList = 1200F44B259E36C800C7F524 /* Build configuration list for PBXProject "Challenge-03" */;
			compatibilityVersion = "Xcode 9.3";
			developmentRegion = en;
			hasScannedForEncodings = 0;
			knownRegions = (
				en,
				Base,
			);
			mainGroup = 1200F447259E36C800C7F524;
			productRefGroup = 1200F451259E36C900C7F524 /* Products */;
			projectDirPath = "";
			projectRoot = "";
			targets = (
				1200F44F259E36C800C7F524 /* Challenge-03 */,
			);
		};
/* End PBXProject section */

/* Begin PBXResourcesBuildPhase section */
		1200F44E259E36C800C7F524 /* Resources */ = {
			isa = PBXResourcesBuildPhase;
			buildActionMask = 2147483647;
			files = (
				1200F460259E36D100C7F524 /* LaunchScreen.storyboard in Resources */,
				1200F45D259E36D100C7F524 /* Assets.xcassets in Resources */,
				1200F45B259E36C900C7F524 /* Main.storyboard in Resources */,
			);
			runOnlyForDeploymentPostprocessing = 0;
		};
/* End PBXResourcesBuildPhase section */

/* Begin PBXSourcesBuildPhase section */
		1200F44C259E36C800C7F524 /* Sources */ = {
			isa = PBXSourcesBuildPhase;
			buildActionMask = 2147483647;
			files = (
				1200F458259E36C900C7F524 /* ViewController.swift in Sources */,
				1200F454259E36C900C7F524 /* AppDelegate.swift in Sources */,
				1200F469259E387700C7F524 /* Person.swift in Sources */,
				1200F456259E36C900C7F524 /* SceneDelegate.swift in Sources */,
			);
			runOnlyForDeploymentPostprocessing = 0;
		};
/* End PBXSourcesBuildPhase section */

/* Begin PBXVariantGroup section */
		1200F459259E36C900C7F524 /* Main.storyboard */ = {
			isa = PBXVariantGroup;
			children = (
				1200F45A259E36C900C7F524 /* Base */,
			);
			name = Main.storyboard;
			sourceTree = "<group>";
		};
		1200F45E259E36D100C7F524 /* LaunchScreen.storyboard */ = {
			isa = PBXVariantGroup;
			children = (
				1200F45F259E36D100C7F524 /* Base */,
			);
			name = LaunchScreen.storyboard;
			sourceTree = "<group>";
		};
/* End PBXVariantGroup section */

/* Begin XCBuildConfiguration section */
		1200F462259E36D100C7F524 /* Debug */ = {
			isa = XCBuildConfiguration;
			buildSettings = {
				ALWAYS_SEARCH_USER_PATHS = NO;
				CLANG_ANALYZER_NONNULL = YES;
				CLANG_ANALYZER_NUMBER_OBJECT_CONVERSION = YES_AGGRESSIVE;
				CLANG_CXX_LANGUAGE_STANDARD = "gnu++14";
				CLANG_CXX_LIBRARY = "libc++";
				CLANG_ENABLE_MODULES = YES;
				CLANG_ENABLE_OBJC_ARC = YES;
				CLANG_ENABLE_OBJC_WEAK = YES;
				CLANG_WARN_BLOCK_CAPTURE_AUTORELEASING = YES;
				CLANG_WARN_BOOL_CONVERSION = YES;
				CLANG_WARN_COMMA = YES;
				CLANG_WARN_CONSTANT_CONVERSION = YES;
				CLANG_WARN_DEPRECATED_OBJC_IMPLEMENTATIONS = YES;
				CLANG_WARN_DIRECT_OBJC_ISA_USAGE = YES_ERROR;
				CLANG_WARN_DOCUMENTATION_COMMENTS = YES;
				CLANG_WARN_EMPTY_BODY = YES;
				CLANG_WARN_ENUM_CONVERSION = YES;
				CLANG_WARN_INFINITE_RECURSION = YES;
				CLANG_WARN_INT_CONVERSION = YES;
				CLANG_WARN_NON_LITERAL_NULL_CONVERSION = YES;
				CLANG_WARN_OBJC_IMPLICIT_RETAIN_SELF = YES;
				CLANG_WARN_OBJC_LITERAL_CONVERSION = YES;
				CLANG_WARN_OBJC_ROOT_CLASS = YES_ERROR;
				CLANG_WARN_QUOTED_INCLUDE_IN_FRAMEWORK_HEADER = YES;
				CLANG_WARN_RANGE_LOOP_ANALYSIS = YES;
				CLANG_WARN_STRICT_PROTOTYPES = YES;
				CLANG_WARN_SUSPICIOUS_MOVE = YES;
				CLANG_WARN_UNGUARDED_AVAILABILITY = YES_AGGRESSIVE;
				CLANG_WARN_UNREACHABLE_CODE = YES;
				CLANG_WARN__DUPLICATE_METHOD_MATCH = YES;
				COPY_PHASE_STRIP = NO;
				DEBUG_INFORMATION_FORMAT = dwarf;
				ENABLE_STRICT_OBJC_MSGSEND = YES;
				ENABLE_TESTABILITY = YES;
				GCC_C_LANGUAGE_STANDARD = gnu11;
				GCC_DYNAMIC_NO_PIC = NO;
				GCC_NO_COMMON_BLOCKS = YES;
				GCC_OPTIMIZATION_LEVEL = 0;
				GCC_PREPROCESSOR_DEFINITIONS = (
					"DEBUG=1",
					"$(inherited)",
				);
				GCC_WARN_64_TO_32_BIT_CONVERSION = YES;
				GCC_WARN_ABOUT_RETURN_TYPE = YES_ERROR;
				GCC_WARN_UNDECLARED_SELECTOR = YES;
				GCC_WARN_UNINITIALIZED_AUTOS = YES_AGGRESSIVE;
				GCC_WARN_UNUSED_FUNCTION = YES;
				GCC_WARN_UNUSED_VARIABLE = YES;
				IPHONEOS_DEPLOYMENT_TARGET = 14.2;
				MTL_ENABLE_DEBUG_INFO = INCLUDE_SOURCE;
				MTL_FAST_MATH = YES;
				ONLY_ACTIVE_ARCH = YES;
				SDKROOT = iphoneos;
				SWIFT_ACTIVE_COMPILATION_CONDITIONS = DEBUG;
				SWIFT_OPTIMIZATION_LEVEL = "-Onone";
			};
			name = Debug;
		};
		1200F463259E36D100C7F524 /* Release */ = {
			isa = XCBuildConfiguration;
			buildSettings = {
				ALWAYS_SEARCH_USER_PATHS = NO;
				CLANG_ANALYZER_NONNULL = YES;
				CLANG_ANALYZER_NUMBER_OBJECT_CONVERSION = YES_AGGRESSIVE;
				CLANG_CXX_LANGUAGE_STANDARD = "gnu++14";
				CLANG_CXX_LIBRARY = "libc++";
				CLANG_ENABLE_MODULES = YES;
				CLANG_ENABLE_OBJC_ARC = YES;
				CLANG_ENABLE_OBJC_WEAK = YES;
				CLANG_WARN_BLOCK_CAPTURE_AUTORELEASING = YES;
				CLANG_WARN_BOOL_CONVERSION = YES;
				CLANG_WARN_COMMA = YES;
				CLANG_WARN_CONSTANT_CONVERSION = YES;
				CLANG_WARN_DEPRECATED_OBJC_IMPLEMENTATIONS = YES;
				CLANG_WARN_DIRECT_OBJC_ISA_USAGE = YES_ERROR;
				CLANG_WARN_DOCUMENTATION_COMMENTS = YES;
				CLANG_WARN_EMPTY_BODY = YES;
				CLANG_WARN_ENUM_CONVERSION = YES;
				CLANG_WARN_INFINITE_RECURSION = YES;
				CLANG_WARN_INT_CONVERSION = YES;
				CLANG_WARN_NON_LITERAL_NULL_CONVERSION = YES;
				CLANG_WARN_OBJC_IMPLICIT_RETAIN_SELF = YES;
				CLANG_WARN_OBJC_LITERAL_CONVERSION = YES;
				CLANG_WARN_OBJC_ROOT_CLASS = YES_ERROR;
				CLANG_WARN_QUOTED_INCLUDE_IN_FRAMEWORK_HEADER = YES;
				CLANG_WARN_RANGE_LOOP_ANALYSIS = YES;
				CLANG_WARN_STRICT_PROTOTYPES = YES;
				CLANG_WARN_SUSPICIOUS_MOVE = YES;
				CLANG_WARN_UNGUARDED_AVAILABILITY = YES_AGGRESSIVE;
				CLANG_WARN_UNREACHABLE_CODE = YES;
				CLANG_WARN__DUPLICATE_METHOD_MATCH = YES;
				COPY_PHASE_STRIP = NO;
				DEBUG_INFORMATION_FORMAT = "dwarf-with-dsym";
				ENABLE_NS_ASSERTIONS = NO;
				ENABLE_STRICT_OBJC_MSGSEND = YES;
				GCC_C_LANGUAGE_STANDARD = gnu11;
				GCC_NO_COMMON_BLOCKS = YES;
				GCC_WARN_64_TO_32_BIT_CONVERSION = YES;
				GCC_WARN_ABOUT_RETURN_TYPE = YES_ERROR;
				GCC_WARN_UNDECLARED_SELECTOR = YES;
				GCC_WARN_UNINITIALIZED_AUTOS = YES_AGGRESSIVE;
				GCC_WARN_UNUSED_FUNCTION = YES;
				GCC_WARN_UNUSED_VARIABLE = YES;
				IPHONEOS_DEPLOYMENT_TARGET = 14.2;
				MTL_ENABLE_DEBUG_INFO = NO;
				MTL_FAST_MATH = YES;
				SDKROOT = iphoneos;
				SWIFT_COMPILATION_MODE = wholemodule;
				SWIFT_OPTIMIZATION_LEVEL = "-O";
				VALIDATE_PRODUCT = YES;
			};
			name = Release;
		};
		1200F465259E36D100C7F524 /* Debug */ = {
			isa = XCBuildConfiguration;
			buildSettings = {
				ASSETCATALOG_COMPILER_APPICON_NAME = AppIcon;
				ASSETCATALOG_COMPILER_GLOBAL_ACCENT_COLOR_NAME = AccentColor;
				CODE_SIGN_STYLE = Automatic;
				DEVELOPMENT_TEAM = 8FT674V95S;
				INFOPLIST_FILE = "Challenge-03/Info.plist";
				LD_RUNPATH_SEARCH_PATHS = (
					"$(inherited)",
					"@executable_path/Frameworks",
				);
				PRODUCT_BUNDLE_IDENTIFIER = "che.tech.Challenge-03";
				PRODUCT_NAME = "$(TARGET_NAME)";
				SWIFT_VERSION = 5.0;
				TARGETED_DEVICE_FAMILY = "1,2";
			};
			name = Debug;
		};
		1200F466259E36D100C7F524 /* Release */ = {
			isa = XCBuildConfiguration;
			buildSettings = {
				ASSETCATALOG_COMPILER_APPICON_NAME = AppIcon;
				ASSETCATALOG_COMPILER_GLOBAL_ACCENT_COLOR_NAME = AccentColor;
				CODE_SIGN_STYLE = Automatic;
				DEVELOPMENT_TEAM = 8FT674V95S;
				INFOPLIST_FILE = "Challenge-03/Info.plist";
				LD_RUNPATH_SEARCH_PATHS = (
					"$(inherited)",
					"@executable_path/Frameworks",
				);
				PRODUCT_BUNDLE_IDENTIFIER = "che.tech.Challenge-03";
				PRODUCT_NAME = "$(TARGET_NAME)";
				SWIFT_VERSION = 5.0;
				TARGETED_DEVICE_FAMILY = "1,2";
			};
			name = Release;
		};
/* End XCBuildConfiguration section */

/* Begin XCConfigurationList section */
		1200F44B259E36C800C7F524 /* Build configuration list for PBXProject "Challenge-03" */ = {
			isa = XCConfigurationList;
			buildConfigurations = (
				1200F462259E36D100C7F524 /* Debug */,
				1200F463259E36D100C7F524 /* Release */,
			);
			defaultConfigurationIsVisible = 0;
			defaultConfigurationName = Release;
		};
		1200F464259E36D100C7F524 /* Build configuration list for PBXNativeTarget "Challenge-03" */ = {
			isa = XCConfigurationList;
			buildConfigurations = (
				1200F465259E36D100C7F524 /* Debug */,
				1200F466259E36D100C7F524 /* Release */,
			);
			defaultConfigurationIsVisible = 0;
			defaultConfigurationName = Release;
		};
/* End XCConfigurationList section */
	};
	rootObject = 1200F448259E36C800C7F524 /* Project object */;
}
