// !$*UTF8*$!
{
	archiveVersion = 1;
	classes = {
	};
	objectVersion = 50;
	objects = {

/* Begin PBXBuildFile section */
		127E530E2593739C00544406 /* AppDelegate.swift in Sources */ = {isa = PBXBuildFile; fileRef = 127E530D2593739C00544406 /* AppDelegate.swift */; };
		127E53102593739C00544406 /* SceneDelegate.swift in Sources */ = {isa = PBXBuildFile; fileRef = 127E530F2593739C00544406 /* SceneDelegate.swift */; };
		127E53122593739C00544406 /* ViewController.swift in Sources */ = {isa = PBXBuildFile; fileRef = 127E53112593739C00544406 /* ViewController.swift */; };
		127E53152593739C00544406 /* Main.storyboard in Resources */ = {isa = PBXBuildFile; fileRef = 127E53132593739C00544406 /* Main.storyboard */; };
		127E53172593739E00544406 /* Assets.xcassets in Resources */ = {isa = PBXBuildFile; fileRef = 127E53162593739E00544406 /* Assets.xcassets */; };
		127E531A2593739E00544406 /* LaunchScreen.storyboard in Resources */ = {isa = PBXBuildFile; fileRef = 127E53182593739E00544406 /* LaunchScreen.storyboard */; };
		127E532D259373C300544406 /* Picture 01.jpg in Resources */ = {isa = PBXBuildFile; fileRef = 127E5323259373C300544406 /* Picture 01.jpg */; };
		127E532E259373C300544406 /* Picture 02.jpg in Resources */ = {isa = PBXBuildFile; fileRef = 127E5324259373C300544406 /* Picture 02.jpg */; };
		127E532F259373C300544406 /* Picture 03.jpg in Resources */ = {isa = PBXBuildFile; fileRef = 127E5325259373C300544406 /* Picture 03.jpg */; };
		127E5330259373C300544406 /* Picture 04.jpg in Resources */ = {isa = PBXBuildFile; fileRef = 127E5326259373C300544406 /* Picture 04.jpg */; };
		127E5331259373C300544406 /* Picture 05.jpg in Resources */ = {isa = PBXBuildFile; fileRef = 127E5327259373C300544406 /* Picture 05.jpg */; };
		127E5332259373C300544406 /* Picture 06.jpg in Resources */ = {isa = PBXBuildFile; fileRef = 127E5328259373C300544406 /* Picture 06.jpg */; };
		127E5333259373C300544406 /* Picture 07.jpg in Resources */ = {isa = PBXBuildFile; fileRef = 127E5329259373C300544406 /* Picture 07.jpg */; };
		127E5334259373C300544406 /* Picture 08.jpg in Resources */ = {isa = PBXBuildFile; fileRef = 127E532A259373C300544406 /* Picture 08.jpg */; };
		127E5335259373C300544406 /* Picture 09.jpg in Resources */ = {isa = PBXBuildFile; fileRef = 127E532B259373C300544406 /* Picture 09.jpg */; };
		127E5336259373C300544406 /* Picture 10.jpg in Resources */ = {isa = PBXBuildFile; fileRef = 127E532C259373C300544406 /* Picture 10.jpg */; };
		127E5339259385B400544406 /* DetailViewController.swift in Sources */ = {isa = PBXBuildFile; fileRef = 127E5338259385B400544406 /* DetailViewController.swift */; };
/* End PBXBuildFile section */

/* Begin PBXFileReference section */
		127E530A2593739C00544406 /* Project-01.app */ = {isa = PBXFileReference; explicitFileType = wrapper.application; includeInIndex = 0; path = "Project-01.app"; sourceTree = BUILT_PRODUCTS_DIR; };
		127E530D2593739C00544406 /* AppDelegate.swift */ = {isa = PBXFileReference; lastKnownFileType = sourcecode.swift; path = AppDelegate.swift; sourceTree = "<group>"; };
		127E530F2593739C00544406 /* SceneDelegate.swift */ = {isa = PBXFileReference; lastKnownFileType = sourcecode.swift; path = SceneDelegate.swift; sourceTree = "<group>"; };
		127E53112593739C00544406 /* ViewController.swift */ = {isa = PBXFileReference; lastKnownFileType = sourcecode.swift; path = ViewController.swift; sourceTree = "<group>"; };
		127E53142593739C00544406 /* Base */ = {isa = PBXFileReference; lastKnownFileType = file.storyboard; name = Base; path = Base.lproj/Main.storyboard; sourceTree = "<group>"; };
		127E53162593739E00544406 /* Assets.xcassets */ = {isa = PBXFileReference; lastKnownFileType = folder.assetcatalog; path = Assets.xcassets; sourceTree = "<group>"; };
		127E53192593739E00544406 /* Base */ = {isa = PBXFileReference; lastKnownFileType = file.storyboard; name = Base; path = Base.lproj/LaunchScreen.storyboard; sourceTree = "<group>"; };
		127E531B2593739E00544406 /* Info.plist */ = {isa = PBXFileReference; lastKnownFileType = text.plist.xml; path = Info.plist; sourceTree = "<group>"; };
		127E5323259373C300544406 /* Picture 01.jpg */ = {isa = PBXFileReference; lastKnownFileType = image.jpeg; path = "Picture 01.jpg"; sourceTree = "<group>"; };
		127E5324259373C300544406 /* Picture 02.jpg */ = {isa = PBXFileReference; lastKnownFileType = image.jpeg; path = "Picture 02.jpg"; sourceTree = "<group>"; };
		127E5325259373C300544406 /* Picture 03.jpg */ = {isa = PBXFileReference; lastKnownFileType = image.jpeg; path = "Picture 03.jpg"; sourceTree = "<group>"; };
		127E5326259373C300544406 /* Picture 04.jpg */ = {isa = PBXFileReference; lastKnownFileType = image.jpeg; path = "Picture 04.jpg"; sourceTree = "<group>"; };
		127E5327259373C300544406 /* Picture 05.jpg */ = {isa = PBXFileReference; lastKnownFileType = image.jpeg; path = "Picture 05.jpg"; sourceTree = "<group>"; };
		127E5328259373C300544406 /* Picture 06.jpg */ = {isa = PBXFileReference; lastKnownFileType = image.jpeg; path = "Picture 06.jpg"; sourceTree = "<group>"; };
		127E5329259373C300544406 /* Picture 07.jpg */ = {isa = PBXFileReference; lastKnownFileType = image.jpeg; path = "Picture 07.jpg"; sourceTree = "<group>"; };
		127E532A259373C300544406 /* Picture 08.jpg */ = {isa = PBXFileReference; lastKnownFileType = image.jpeg; path = "Picture 08.jpg"; sourceTree = "<group>"; };
		127E532B259373C300544406 /* Picture 09.jpg */ = {isa = PBXFileReference; lastKnownFileType = image.jpeg; path = "Picture 09.jpg"; sourceTree = "<group>"; };
		127E532C259373C300544406 /* Picture 10.jpg */ = {isa = PBXFileReference; lastKnownFileType = image.jpeg; path = "Picture 10.jpg"; sourceTree = "<group>"; };
		127E5338259385B400544406 /* DetailViewController.swift */ = {isa = PBXFileReference; lastKnownFileType = sourcecode.swift; path = DetailViewController.swift; sourceTree = "<group>"; };
/* End PBXFileReference section */

/* Begin PBXFrameworksBuildPhase section */
		127E53072593739C00544406 /* Frameworks */ = {
			isa = PBXFrameworksBuildPhase;
			buildActionMask = 2147483647;
			files = (
			);
			runOnlyForDeploymentPostprocessing = 0;
		};
/* End PBXFrameworksBuildPhase section */

/* Begin PBXGroup section */
		127E53012593739C00544406 = {
			isa = PBXGroup;
			children = (
				127E530C2593739C00544406 /* Project-01 */,
				127E530B2593739C00544406 /* Products */,
			);
			sourceTree = "<group>";
		};
		127E530B2593739C00544406 /* Products */ = {
			isa = PBXGroup;
			children = (
				127E530A2593739C00544406 /* Project-01.app */,
			);
			name = Products;
			sourceTree = "<group>";
		};
		127E530C2593739C00544406 /* Project-01 */ = {
			isa = PBXGroup;
			children = (
				127E530D2593739C00544406 /* AppDelegate.swift */,
				127E530F2593739C00544406 /* SceneDelegate.swift */,
				127E53112593739C00544406 /* ViewController.swift */,
				127E5338259385B400544406 /* DetailViewController.swift */,
				127E53132593739C00544406 /* Main.storyboard */,
				127E53162593739E00544406 /* Assets.xcassets */,
				127E53182593739E00544406 /* LaunchScreen.storyboard */,
				127E531B2593739E00544406 /* Info.plist */,
				127E5322259373C300544406 /* Content */,
			);
			path = "Project-01";
			sourceTree = "<group>";
		};
		127E5322259373C300544406 /* Content */ = {
			isa = PBXGroup;
			children = (
				127E5323259373C300544406 /* Picture 01.jpg */,
				127E5324259373C300544406 /* Picture 02.jpg */,
				127E5325259373C300544406 /* Picture 03.jpg */,
				127E5326259373C300544406 /* Picture 04.jpg */,
				127E5327259373C300544406 /* Picture 05.jpg */,
				127E5328259373C300544406 /* Picture 06.jpg */,
				127E5329259373C300544406 /* Picture 07.jpg */,
				127E532A259373C300544406 /* Picture 08.jpg */,
				127E532B259373C300544406 /* Picture 09.jpg */,
				127E532C259373C300544406 /* Picture 10.jpg */,
			);
			path = Content;
			sourceTree = "<group>";
		};
/* End PBXGroup section */

/* Begin PBXNativeTarget section */
		127E53092593739C00544406 /* Project-01 */ = {
			isa = PBXNativeTarget;
			buildConfigurationList = 127E531E2593739E00544406 /* Build configuration list for PBXNativeTarget "Project-01" */;
			buildPhases = (
				127E53062593739C00544406 /* Sources */,
				127E53072593739C00544406 /* Frameworks */,
				127E53082593739C00544406 /* Resources */,
			);
			buildRules = (
			);
			dependencies = (
			);
			name = "Project-01";
			productName = "Project-01";
			productReference = 127E530A2593739C00544406 /* Project-01.app */;
			productType = "com.apple.product-type.application";
		};
/* End PBXNativeTarget section */

/* Begin PBXProject section */
		127E53022593739C00544406 /* Project object */ = {
			isa = PBXProject;
			attributes = {
				LastSwiftUpdateCheck = 1220;
				LastUpgradeCheck = 1220;
				TargetAttributes = {
					127E53092593739C00544406 = {
						CreatedOnToolsVersion = 12.2;
					};
				};
			};
			buildConfigurationList = 127E53052593739C00544406 /* Build configuration list for PBXProject "Project-01" */;
			compatibilityVersion = "Xcode 9.3";
			developmentRegion = en;
			hasScannedForEncodings = 0;
			knownRegions = (
				en,
				Base,
			);
			mainGroup = 127E53012593739C00544406;
			productRefGroup = 127E530B2593739C00544406 /* Products */;
			projectDirPath = "";
			projectRoot = "";
			targets = (
				127E53092593739C00544406 /* Project-01 */,
			);
		};
/* End PBXProject section */

/* Begin PBXResourcesBuildPhase section */
		127E53082593739C00544406 /* Resources */ = {
			isa = PBXResourcesBuildPhase;
			buildActionMask = 2147483647;
			files = (
				127E532E259373C300544406 /* Picture 02.jpg in Resources */,
				127E5335259373C300544406 /* Picture 09.jpg in Resources */,
				127E5331259373C300544406 /* Picture 05.jpg in Resources */,
				127E532F259373C300544406 /* Picture 03.jpg in Resources */,
				127E5334259373C300544406 /* Picture 08.jpg in Resources */,
				127E5336259373C300544406 /* Picture 10.jpg in Resources */,
				127E532D259373C300544406 /* Picture 01.jpg in Resources */,
				127E5332259373C300544406 /* Picture 06.jpg in Resources */,
				127E5333259373C300544406 /* Picture 07.jpg in Resources */,
				127E531A2593739E00544406 /* LaunchScreen.storyboard in Resources */,
				127E53172593739E00544406 /* Assets.xcassets in Resources */,
				127E5330259373C300544406 /* Picture 04.jpg in Resources */,
				127E53152593739C00544406 /* Main.storyboard in Resources */,
			);
			runOnlyForDeploymentPostprocessing = 0;
		};
/* End PBXResourcesBuildPhase section */

/* Begin PBXSourcesBuildPhase section */
		127E53062593739C00544406 /* Sources */ = {
			isa = PBXSourcesBuildPhase;
			buildActionMask = 2147483647;
			files = (
				127E53122593739C00544406 /* ViewController.swift in Sources */,
				127E530E2593739C00544406 /* AppDelegate.swift in Sources */,
				127E53102593739C00544406 /* SceneDelegate.swift in Sources */,
				127E5339259385B400544406 /* DetailViewController.swift in Sources */,
			);
			runOnlyForDeploymentPostprocessing = 0;
		};
/* End PBXSourcesBuildPhase section */

/* Begin PBXVariantGroup section */
		127E53132593739C00544406 /* Main.storyboard */ = {
			isa = PBXVariantGroup;
			children = (
				127E53142593739C00544406 /* Base */,
			);
			name = Main.storyboard;
			sourceTree = "<group>";
		};
		127E53182593739E00544406 /* LaunchScreen.storyboard */ = {
			isa = PBXVariantGroup;
			children = (
				127E53192593739E00544406 /* Base */,
			);
			name = LaunchScreen.storyboard;
			sourceTree = "<group>";
		};
/* End PBXVariantGroup section */

/* Begin XCBuildConfiguration section */
		127E531C2593739E00544406 /* Debug */ = {
			isa = XCBuildConfiguration;
			buildSettings = {
				ALWAYS_SEARCH_USER_PATHS = NO;
				CLANG_ANALYZER_NONNULL = YES;
				CLANG_ANALYZER_NUMBER_OBJECT_CONVERSION = YES_AGGRESSIVE;
				CLANG_CXX_LANGUAGE_STANDARD = "gnu++14";
				CLANG_CXX_LIBRARY = "libc++";
				CLANG_ENABLE_MODULES = YES;
				CLANG_ENABLE_OBJC_ARC = YES;
				CLANG_ENABLE_OBJC_WEAK = YES;
				CLANG_WARN_BLOCK_CAPTURE_AUTORELEASING = YES;
				CLANG_WARN_BOOL_CONVERSION = YES;
				CLANG_WARN_COMMA = YES;
				CLANG_WARN_CONSTANT_CONVERSION = YES;
				CLANG_WARN_DEPRECATED_OBJC_IMPLEMENTATIONS = YES;
				CLANG_WARN_DIRECT_OBJC_ISA_USAGE = YES_ERROR;
				CLANG_WARN_DOCUMENTATION_COMMENTS = YES;
				CLANG_WARN_EMPTY_BODY = YES;
				CLANG_WARN_ENUM_CONVERSION = YES;
				CLANG_WARN_INFINITE_RECURSION = YES;
				CLANG_WARN_INT_CONVERSION = YES;
				CLANG_WARN_NON_LITERAL_NULL_CONVERSION = YES;
				CLANG_WARN_OBJC_IMPLICIT_RETAIN_SELF = YES;
				CLANG_WARN_OBJC_LITERAL_CONVERSION = YES;
				CLANG_WARN_OBJC_ROOT_CLASS = YES_ERROR;
				CLANG_WARN_QUOTED_INCLUDE_IN_FRAMEWORK_HEADER = YES;
				CLANG_WARN_RANGE_LOOP_ANALYSIS = YES;
				CLANG_WARN_STRICT_PROTOTYPES = YES;
				CLANG_WARN_SUSPICIOUS_MOVE = YES;
				CLANG_WARN_UNGUARDED_AVAILABILITY = YES_AGGRESSIVE;
				CLANG_WARN_UNREACHABLE_CODE = YES;
				CLANG_WARN__DUPLICATE_METHOD_MATCH = YES;
				COPY_PHASE_STRIP = NO;
				DEBUG_INFORMATION_FORMAT = dwarf;
				ENABLE_STRICT_OBJC_MSGSEND = YES;
				ENABLE_TESTABILITY = YES;
				GCC_C_LANGUAGE_STANDARD = gnu11;
				GCC_DYNAMIC_NO_PIC = NO;
				GCC_NO_COMMON_BLOCKS = YES;
				GCC_OPTIMIZATION_LEVEL = 0;
				GCC_PREPROCESSOR_DEFINITIONS = (
					"DEBUG=1",
					"$(inherited)",
				);
				GCC_WARN_64_TO_32_BIT_CONVERSION = YES;
				GCC_WARN_ABOUT_RETURN_TYPE = YES_ERROR;
				GCC_WARN_UNDECLARED_SELECTOR = YES;
				GCC_WARN_UNINITIALIZED_AUTOS = YES_AGGRESSIVE;
				GCC_WARN_UNUSED_FUNCTION = YES;
				GCC_WARN_UNUSED_VARIABLE = YES;
				IPHONEOS_DEPLOYMENT_TARGET = 14.2;
				MTL_ENABLE_DEBUG_INFO = INCLUDE_SOURCE;
				MTL_FAST_MATH = YES;
				ONLY_ACTIVE_ARCH = YES;
				SDKROOT = iphoneos;
				SWIFT_ACTIVE_COMPILATION_CONDITIONS = DEBUG;
				SWIFT_OPTIMIZATION_LEVEL = "-Onone";
			};
			name = Debug;
		};
		127E531D2593739E00544406 /* Release */ = {
			isa = XCBuildConfiguration;
			buildSettings = {
				ALWAYS_SEARCH_USER_PATHS = NO;
				CLANG_ANALYZER_NONNULL = YES;
				CLANG_ANALYZER_NUMBER_OBJECT_CONVERSION = YES_AGGRESSIVE;
				CLANG_CXX_LANGUAGE_STANDARD = "gnu++14";
				CLANG_CXX_LIBRARY = "libc++";
				CLANG_ENABLE_MODULES = YES;
				CLANG_ENABLE_OBJC_ARC = YES;
				CLANG_ENABLE_OBJC_WEAK = YES;
				CLANG_WARN_BLOCK_CAPTURE_AUTORELEASING = YES;
				CLANG_WARN_BOOL_CONVERSION = YES;
				CLANG_WARN_COMMA = YES;
				CLANG_WARN_CONSTANT_CONVERSION = YES;
				CLANG_WARN_DEPRECATED_OBJC_IMPLEMENTATIONS = YES;
				CLANG_WARN_DIRECT_OBJC_ISA_USAGE = YES_ERROR;
				CLANG_WARN_DOCUMENTATION_COMMENTS = YES;
				CLANG_WARN_EMPTY_BODY = YES;
				CLANG_WARN_ENUM_CONVERSION = YES;
				CLANG_WARN_INFINITE_RECURSION = YES;
				CLANG_WARN_INT_CONVERSION = YES;
				CLANG_WARN_NON_LITERAL_NULL_CONVERSION = YES;
				CLANG_WARN_OBJC_IMPLICIT_RETAIN_SELF = YES;
				CLANG_WARN_OBJC_LITERAL_CONVERSION = YES;
				CLANG_WARN_OBJC_ROOT_CLASS = YES_ERROR;
				CLANG_WARN_QUOTED_INCLUDE_IN_FRAMEWORK_HEADER = YES;
				CLANG_WARN_RANGE_LOOP_ANALYSIS = YES;
				CLANG_WARN_STRICT_PROTOTYPES = YES;
				CLANG_WARN_SUSPICIOUS_MOVE = YES;
				CLANG_WARN_UNGUARDED_AVAILABILITY = YES_AGGRESSIVE;
				CLANG_WARN_UNREACHABLE_CODE = YES;
				CLANG_WARN__DUPLICATE_METHOD_MATCH = YES;
				COPY_PHASE_STRIP = NO;
				DEBUG_INFORMATION_FORMAT = "dwarf-with-dsym";
				ENABLE_NS_ASSERTIONS = NO;
				ENABLE_STRICT_OBJC_MSGSEND = YES;
				GCC_C_LANGUAGE_STANDARD = gnu11;
				GCC_NO_COMMON_BLOCKS = YES;
				GCC_WARN_64_TO_32_BIT_CONVERSION = YES;
				GCC_WARN_ABOUT_RETURN_TYPE = YES_ERROR;
				GCC_WARN_UNDECLARED_SELECTOR = YES;
				GCC_WARN_UNINITIALIZED_AUTOS = YES_AGGRESSIVE;
				GCC_WARN_UNUSED_FUNCTION = YES;
				GCC_WARN_UNUSED_VARIABLE = YES;
				IPHONEOS_DEPLOYMENT_TARGET = 14.2;
				MTL_ENABLE_DEBUG_INFO = NO;
				MTL_FAST_MATH = YES;
				SDKROOT = iphoneos;
				SWIFT_COMPILATION_MODE = wholemodule;
				SWIFT_OPTIMIZATION_LEVEL = "-O";
				VALIDATE_PRODUCT = YES;
			};
			name = Release;
		};
		127E531F2593739E00544406 /* Debug */ = {
			isa = XCBuildConfiguration;
			buildSettings = {
				ASSETCATALOG_COMPILER_APPICON_NAME = AppIcon;
				ASSETCATALOG_COMPILER_GLOBAL_ACCENT_COLOR_NAME = AccentColor;
				CODE_SIGN_STYLE = Automatic;
				DEVELOPMENT_TEAM = 8FT674V95S;
				INFOPLIST_FILE = "Project-01/Info.plist";
				LD_RUNPATH_SEARCH_PATHS = (
					"$(inherited)",
					"@executable_path/Frameworks",
				);
				PRODUCT_BUNDLE_IDENTIFIER = "che.tech.Project-01";
				PRODUCT_NAME = "$(TARGET_NAME)";
				SWIFT_VERSION = 5.0;
				TARGETED_DEVICE_FAMILY = "1,2";
			};
			name = Debug;
		};
		127E53202593739E00544406 /* Release */ = {
			isa = XCBuildConfiguration;
			buildSettings = {
				ASSETCATALOG_COMPILER_APPICON_NAME = AppIcon;
				ASSETCATALOG_COMPILER_GLOBAL_ACCENT_COLOR_NAME = AccentColor;
				CODE_SIGN_STYLE = Automatic;
				DEVELOPMENT_TEAM = 8FT674V95S;
				INFOPLIST_FILE = "Project-01/Info.plist";
				LD_RUNPATH_SEARCH_PATHS = (
					"$(inherited)",
					"@executable_path/Frameworks",
				);
				PRODUCT_BUNDLE_IDENTIFIER = "che.tech.Project-01";
				PRODUCT_NAME = "$(TARGET_NAME)";
				SWIFT_VERSION = 5.0;
				TARGETED_DEVICE_FAMILY = "1,2";
			};
			name = Release;
		};
/* End XCBuildConfiguration section */

/* Begin XCConfigurationList section */
		127E53052593739C00544406 /* Build configuration list for PBXProject "Project-01" */ = {
			isa = XCConfigurationList;
			buildConfigurations = (
				127E531C2593739E00544406 /* Debug */,
				127E531D2593739E00544406 /* Release */,
			);
			defaultConfigurationIsVisible = 0;
			defaultConfigurationName = Release;
		};
		127E531E2593739E00544406 /* Build configuration list for PBXNativeTarget "Project-01" */ = {
			isa = XCConfigurationList;
			buildConfigurations = (
				127E531F2593739E00544406 /* Debug */,
				127E53202593739E00544406 /* Release */,
			);
			defaultConfigurationIsVisible = 0;
			defaultConfigurationName = Release;
		};
/* End XCConfigurationList section */
	};
	rootObject = 127E53022593739C00544406 /* Project object */;
}
